{
  "originHash" : "729d5f737a6ba0ffdffbf0e74879f77576597d2ae5aa503c3cf3e631f1f27c4e",
  "pins" : [
    {
      "identity" : "codableextensions",
      "kind" : "remoteSourceControl",
      "location" : "https://github.com/rvenieris/CodableExtensions.git",
      "state" : {
        "branch" : "main",
        "revision" : "3d7f899c12a4acab09e51c15c0a22f9e3e6c126f"
      }
    }
  ],
  "version" : 3
}
